
Microsoft Visual Studio Solution File, Format Version 12.00
# Visual Studio 15
VisualStudioVersion = 15.0.27130.2010
MinimumVisualStudioVersion = 10.0.40219.1
Project("{9A19103F-16F7-4668-BE54-9A1E7A4F7556}") = "BlaBlaServer", "BlaBla\BlaBlaServer.csproj", "{E4018ECA-C0E9-4C3D-A470-F4178EE0706E}"
EndProject
Project("{9A19103F-16F7-4668-BE54-9A1E7A4F7556}") = "BlaBlaConsoeClient", "BlaBlaClient\BlaBlaConsoeClient.csproj", "{3C86B7FB-3E2E-4999-A651-1BB02CC5F075}"
EndProject
Project("{9A19103F-16F7-4668-BE54-9A1E7A4F7556}") = "Common", "Common\Common.csproj", "{7225DA9E-75EA-4808-B858-6437F2128A69}"
EndProject
Project("{FAE04EC0-301F-11D3-BF4B-00C04F79EFBC}") = "BlaBlaWpfClient", "BlaBlaWpfClient\BlaBlaWpfClient.csproj", "{3181281E-EC46-48B6-9FDD-E634A72B56E6}"
EndProject
Project("{9A19103F-16F7-4668-BE54-9A1E7A4F7556}") = "Client", "Client\Client.csproj", "{EB522ECC-10F3-4726-9241-8BDC20E00A8F}"
EndProject
Global
	GlobalSection(SolutionConfigurationPlatforms) = preSolution
		Debug|Any CPU = Debug|Any CPU
		Release|Any CPU = Release|Any CPU
	EndGlobalSection
	GlobalSection(ProjectConfigurationPlatforms) = postSolution
		{E4018ECA-C0E9-4C3D-A470-F4178EE0706E}.Debug|Any CPU.ActiveCfg = Debug|Any CPU
		{E4018ECA-C0E9-4C3D-A470-F4178EE0706E}.Debug|Any CPU.Build.0 = Debug|Any CPU
		{E4018ECA-C0E9-4C3D-A470-F4178EE0706E}.Release|Any CPU.ActiveCfg = Release|Any CPU
		{E4018ECA-C0E9-4C3D-A470-F4178EE0706E}.Release|Any CPU.Build.0 = Release|Any CPU
		{3C86B7FB-3E2E-4999-A651-1BB02CC5F075}.Debug|Any CPU.ActiveCfg = Debug|Any CPU
		{3C86B7FB-3E2E-4999-A651-1BB02CC5F075}.Debug|Any CPU.Build.0 = Debug|Any CPU
		{3C86B7FB-3E2E-4999-A651-1BB02CC5F075}.Release|Any CPU.ActiveCfg = Release|Any CPU
		{3C86B7FB-3E2E-4999-A651-1BB02CC5F075}.Release|Any CPU.Build.0 = Release|Any CPU
		{7225DA9E-75EA-4808-B858-6437F2128A69}.Debug|Any CPU.ActiveCfg = Debug|Any CPU
		{7225DA9E-75EA-4808-B858-6437F2128A69}.Debug|Any CPU.Build.0 = Debug|Any CPU
		{7225DA9E-75EA-4808-B858-6437F2128A69}.Release|Any CPU.ActiveCfg = Release|Any CPU
		{7225DA9E-75EA-4808-B858-6437F2128A69}.Release|Any CPU.Build.0 = Release|Any CPU
		{3181281E-EC46-48B6-9FDD-E634A72B56E6}.Debug|Any CPU.ActiveCfg = Debug|Any CPU
		{3181281E-EC46-48B6-9FDD-E634A72B56E6}.Debug|Any CPU.Build.0 = Debug|Any CPU
		{3181281E-EC46-48B6-9FDD-E634A72B56E6}.Release|Any CPU.ActiveCfg = Release|Any CPU
		{3181281E-EC46-48B6-9FDD-E634A72B56E6}.Release|Any CPU.Build.0 = Release|Any CPU
		{EB522ECC-10F3-4726-9241-8BDC20E00A8F}.Debug|Any CPU.ActiveCfg = Debug|Any CPU
		{EB522ECC-10F3-4726-9241-8BDC20E00A8F}.Debug|Any CPU.Build.0 = Debug|Any CPU
		{EB522ECC-10F3-4726-9241-8BDC20E00A8F}.Release|Any CPU.ActiveCfg = Release|Any CPU
		{EB522ECC-10F3-4726-9241-8BDC20E00A8F}.Release|Any CPU.Build.0 = Release|Any CPU
	EndGlobalSection
	GlobalSection(SolutionProperties) = preSolution
		HideSolutionNode = FALSE
	EndGlobalSection
	GlobalSection(ExtensibilityGlobals) = postSolution
		SolutionGuid = {905AADD2-F7C4-460A-AF94-6B20164BA65B}
	EndGlobalSection
EndGlobal
